
Microsoft Visual Studio Solution File, Format Version 12.00
# Visual Studio Version 17
VisualStudioVersion = 17.0.31903.59
MinimumVisualStudioVersion = 10.0.40219.1
Project("{2150E333-8FDC-42A3-9474-1A3956D46DE8}") = "src", "src", "{827E0CD3-B72D-47B6-A68D-7590B98EB39B}"
EndProject
Project("{FAE04EC0-301F-11D3-BF4B-00C04F79EFBC}") = "Topos.Hypergraph", "src\Topos.Hypergraph\Topos.Hypergraph.csproj", "{3DD62B29-5B5F-4090-AC60-BAECB5486DFE}"
EndProject
Project("{2150E333-8FDC-42A3-9474-1A3956D46DE8}") = "tests", "tests", "{0AB3BF05-4346-4AA6-1389-037BE0695223}"
EndProject
Project("{FAE04EC0-301F-11D3-BF4B-00C04F79EFBC}") = "Topos.Hypergraph.Tests", "tests\Topos.Hypergraph.Tests\Topos.Hypergraph.Tests.csproj", "{4BEF5267-0B69-434B-AF24-E56913F8091E}"
EndProject
Project("{2150E333-8FDC-42A3-9474-1A3956D46DE8}") = "benchmarks", "benchmarks", "{66320409-64EC-F7C5-3DEF-65E7510DAAD1}"
EndProject
Project("{FAE04EC0-301F-11D3-BF4B-00C04F79EFBC}") = "Topos.Hypergraph.Benchmarks", "benchmarks\Topos.Hypergraph.Benchmarks\Topos.Hypergraph.Benchmarks.csproj", "{E134385E-143E-40B8-961F-E4146F49967C}"
EndProject
Project("{FAE04EC0-301F-11D3-BF4B-00C04F79EFBC}") = "Topos.Tests.GdsOracle", "tests\Topos.Tests.GdsOracle\Topos.Tests.GdsOracle.csproj", "{73E5E9AC-F832-4704-8356-03037FABFD4E}"
EndProject
Project("{FAE04EC0-301F-11D3-BF4B-00C04F79EFBC}") = "Topos.Hypergraph.Persistence", "src\Topos.Hypergraph.Persistence\Topos.Hypergraph.Persistence.csproj", "{69CE914A-8946-4D5D-9AC7-2EAC9827A7E6}"
EndProject
Project("{FAE04EC0-301F-11D3-BF4B-00C04F79EFBC}") = "Topos.Hypergraph.Persistence.Tests", "tests\Topos.Hypergraph.Persistence.Tests\Topos.Hypergraph.Persistence.Tests.csproj", "{3F5F6EAE-7072-4659-9EA5-8A34DA367BB2}"
EndProject
Project("{2150E333-8FDC-42A3-9474-1A3956D46DE8}") = "samples", "samples", "{5D20AA90-6969-D8BD-9DCD-8634F4692FDA}"
EndProject
Project("{FAE04EC0-301F-11D3-BF4B-00C04F79EFBC}") = "Topos.Samples.ChatMemory", "samples\Topos.Samples.ChatMemory\Topos.Samples.ChatMemory.csproj", "{28D91FDF-2693-4457-81DE-B52F3D794F3C}"
EndProject
Project("{FAE04EC0-301F-11D3-BF4B-00C04F79EFBC}") = "Topos.Samples.ChatMemory.Tests", "samples\Topos.Samples.ChatMemory.Tests\Topos.Samples.ChatMemory.Tests.csproj", "{FF6888A9-A6C4-40EE-99AB-C641D47CE49B}"
EndProject
Project("{FAE04EC0-301F-11D3-BF4B-00C04F79EFBC}") = "Topos.Hypergraph.Knowledge", "src\Topos.Hypergraph.Knowledge\Topos.Hypergraph.Knowledge.csproj", "{AB2C4ECF-6B9D-46A0-BA82-D49E712F5A4A}"
EndProject
Project("{FAE04EC0-301F-11D3-BF4B-00C04F79EFBC}") = "Topos.Hypergraph.Knowledge.Tests", "tests\Topos.Hypergraph.Knowledge.Tests\Topos.Hypergraph.Knowledge.Tests.csproj", "{624D571C-5F59-4BBC-83D1-B4BD598D935D}"
EndProject
Project("{FAE04EC0-301F-11D3-BF4B-00C04F79EFBC}") = "Topos.Hypergraph.Mcp", "src\Topos.Hypergraph.Mcp\Topos.Hypergraph.Mcp.csproj", "{EE874D7E-7D47-41B2-B459-FF900E4EBBAF}"
EndProject
Project("{FAE04EC0-301F-11D3-BF4B-00C04F79EFBC}") = "Topos.Hypergraph.Mcp.Tests", "tests\Topos.Hypergraph.Mcp.Tests\Topos.Hypergraph.Mcp.Tests.csproj", "{133BD48B-5BA6-4274-A49B-92B2A27E850E}"
EndProject
Global
	GlobalSection(SolutionConfigurationPlatforms) = preSolution
		Debug|Any CPU = Debug|Any CPU
		Debug|x64 = Debug|x64
		Debug|x86 = Debug|x86
		Release|Any CPU = Release|Any CPU
		Release|x64 = Release|x64
		Release|x86 = Release|x86
	EndGlobalSection
	GlobalSection(ProjectConfigurationPlatforms) = postSolution
		{3DD62B29-5B5F-4090-AC60-BAECB5486DFE}.Debug|Any CPU.ActiveCfg = Debug|Any CPU
		{3DD62B29-5B5F-4090-AC60-BAECB5486DFE}.Debug|Any CPU.Build.0 = Debug|Any CPU
		{3DD62B29-5B5F-4090-AC60-BAECB5486DFE}.Debug|x64.ActiveCfg = Debug|Any CPU
		{3DD62B29-5B5F-4090-AC60-BAECB5486DFE}.Debug|x64.Build.0 = Debug|Any CPU
		{3DD62B29-5B5F-4090-AC60-BAECB5486DFE}.Debug|x86.ActiveCfg = Debug|Any CPU
		{3DD62B29-5B5F-4090-AC60-BAECB5486DFE}.Debug|x86.Build.0 = Debug|Any CPU
		{3DD62B29-5B5F-4090-AC60-BAECB5486DFE}.Release|Any CPU.ActiveCfg = Release|Any CPU
		{3DD62B29-5B5F-4090-AC60-BAECB5486DFE}.Release|Any CPU.Build.0 = Release|Any CPU
		{3DD62B29-5B5F-4090-AC60-BAECB5486DFE}.Release|x64.ActiveCfg = Release|Any CPU
		{3DD62B29-5B5F-4090-AC60-BAECB5486DFE}.Release|x64.Build.0 = Release|Any CPU
		{3DD62B29-5B5F-4090-AC60-BAECB5486DFE}.Release|x86.ActiveCfg = Release|Any CPU
		{3DD62B29-5B5F-4090-AC60-BAECB5486DFE}.Release|x86.Build.0 = Release|Any CPU
		{4BEF5267-0B69-434B-AF24-E56913F8091E}.Debug|Any CPU.ActiveCfg = Debug|Any CPU
		{4BEF5267-0B69-434B-AF24-E56913F8091E}.Debug|Any CPU.Build.0 = Debug|Any CPU
		{4BEF5267-0B69-434B-AF24-E56913F8091E}.Debug|x64.ActiveCfg = Debug|Any CPU
		{4BEF5267-0B69-434B-AF24-E56913F8091E}.Debug|x64.Build.0 = Debug|Any CPU
		{4BEF5267-0B69-434B-AF24-E56913F8091E}.Debug|x86.ActiveCfg = Debug|Any CPU
		{4BEF5267-0B69-434B-AF24-E56913F8091E}.Debug|x86.Build.0 = Debug|Any CPU
		{4BEF5267-0B69-434B-AF24-E56913F8091E}.Release|Any CPU.ActiveCfg = Release|Any CPU
		{4BEF5267-0B69-434B-AF24-E56913F8091E}.Release|Any CPU.Build.0 = Release|Any CPU
		{4BEF5267-0B69-434B-AF24-E56913F8091E}.Release|x64.ActiveCfg = Release|Any CPU
		{4BEF5267-0B69-434B-AF24-E56913F8091E}.Release|x64.Build.0 = Release|Any CPU
		{4BEF5267-0B69-434B-AF24-E56913F8091E}.Release|x86.ActiveCfg = Release|Any CPU
		{4BEF5267-0B69-434B-AF24-E56913F8091E}.Release|x86.Build.0 = Release|Any CPU
		{E134385E-143E-40B8-961F-E4146F49967C}.Debug|Any CPU.ActiveCfg = Debug|Any CPU
		{E134385E-143E-40B8-961F-E4146F49967C}.Debug|Any CPU.Build.0 = Debug|Any CPU
		{E134385E-143E-40B8-961F-E4146F49967C}.Debug|x64.ActiveCfg = Debug|Any CPU
		{E134385E-143E-40B8-961F-E4146F49967C}.Debug|x64.Build.0 = Debug|Any CPU
		{E134385E-143E-40B8-961F-E4146F49967C}.Debug|x86.ActiveCfg = Debug|Any CPU
		{E134385E-143E-40B8-961F-E4146F49967C}.Debug|x86.Build.0 = Debug|Any CPU
		{E134385E-143E-40B8-961F-E4146F49967C}.Release|Any CPU.ActiveCfg = Release|Any CPU
		{E134385E-143E-40B8-961F-E4146F49967C}.Release|Any CPU.Build.0 = Release|Any CPU
		{E134385E-143E-40B8-961F-E4146F49967C}.Release|x64.ActiveCfg = Release|Any CPU
		{E134385E-143E-40B8-961F-E4146F49967C}.Release|x64.Build.0 = Release|Any CPU
		{E134385E-143E-40B8-961F-E4146F49967C}.Release|x86.ActiveCfg = Release|Any CPU
		{E134385E-143E-40B8-961F-E4146F49967C}.Release|x86.Build.0 = Release|Any CPU
		{73E5E9AC-F832-4704-8356-03037FABFD4E}.Debug|Any CPU.ActiveCfg = Debug|Any CPU
		{73E5E9AC-F832-4704-8356-03037FABFD4E}.Debug|Any CPU.Build.0 = Debug|Any CPU
		{73E5E9AC-F832-4704-8356-03037FABFD4E}.Debug|x64.ActiveCfg = Debug|Any CPU
		{73E5E9AC-F832-4704-8356-03037FABFD4E}.Debug|x64.Build.0 = Debug|Any CPU
		{73E5E9AC-F832-4704-8356-03037FABFD4E}.Debug|x86.ActiveCfg = Debug|Any CPU
		{73E5E9AC-F832-4704-8356-03037FABFD4E}.Debug|x86.Build.0 = Debug|Any CPU
		{73E5E9AC-F832-4704-8356-03037FABFD4E}.Release|Any CPU.ActiveCfg = Release|Any CPU
		{73E5E9AC-F832-4704-8356-03037FABFD4E}.Release|Any CPU.Build.0 = Release|Any CPU
		{73E5E9AC-F832-4704-8356-03037FABFD4E}.Release|x64.ActiveCfg = Release|Any CPU
		{73E5E9AC-F832-4704-8356-03037FABFD4E}.Release|x64.Build.0 = Release|Any CPU
		{73E5E9AC-F832-4704-8356-03037FABFD4E}.Release|x86.ActiveCfg = Release|Any CPU
		{73E5E9AC-F832-4704-8356-03037FABFD4E}.Release|x86.Build.0 = Release|Any CPU
		{69CE914A-8946-4D5D-9AC7-2EAC9827A7E6}.Debug|Any CPU.ActiveCfg = Debug|Any CPU
		{69CE914A-8946-4D5D-9AC7-2EAC9827A7E6}.Debug|Any CPU.Build.0 = Debug|Any CPU
		{69CE914A-8946-4D5D-9AC7-2EAC9827A7E6}.Debug|x64.ActiveCfg = Debug|Any CPU
		{69CE914A-8946-4D5D-9AC7-2EAC9827A7E6}.Debug|x64.Build.0 = Debug|Any CPU
		{69CE914A-8946-4D5D-9AC7-2EAC9827A7E6}.Debug|x86.ActiveCfg = Debug|Any CPU
		{69CE914A-8946-4D5D-9AC7-2EAC9827A7E6}.Debug|x86.Build.0 = Debug|Any CPU
		{69CE914A-8946-4D5D-9AC7-2EAC9827A7E6}.Release|Any CPU.ActiveCfg = Release|Any CPU
		{69CE914A-8946-4D5D-9AC7-2EAC9827A7E6}.Release|Any CPU.Build.0 = Release|Any CPU
		{69CE914A-8946-4D5D-9AC7-2EAC9827A7E6}.Release|x64.ActiveCfg = Release|Any CPU
		{69CE914A-8946-4D5D-9AC7-2EAC9827A7E6}.Release|x64.Build.0 = Release|Any CPU
		{69CE914A-8946-4D5D-9AC7-2EAC9827A7E6}.Release|x86.ActiveCfg = Release|Any CPU
		{69CE914A-8946-4D5D-9AC7-2EAC9827A7E6}.Release|x86.Build.0 = Release|Any CPU
		{3F5F6EAE-7072-4659-9EA5-8A34DA367BB2}.Debug|Any CPU.ActiveCfg = Debug|Any CPU
		{3F5F6EAE-7072-4659-9EA5-8A34DA367BB2}.Debug|Any CPU.Build.0 = Debug|Any CPU
		{3F5F6EAE-7072-4659-9EA5-8A34DA367BB2}.Debug|x64.ActiveCfg = Debug|Any CPU
		{3F5F6EAE-7072-4659-9EA5-8A34DA367BB2}.Debug|x64.Build.0 = Debug|Any CPU
		{3F5F6EAE-7072-4659-9EA5-8A34DA367BB2}.Debug|x86.ActiveCfg = Debug|Any CPU
		{3F5F6EAE-7072-4659-9EA5-8A34DA367BB2}.Debug|x86.Build.0 = Debug|Any CPU
		{3F5F6EAE-7072-4659-9EA5-8A34DA367BB2}.Release|Any CPU.ActiveCfg = Release|Any CPU
		{3F5F6EAE-7072-4659-9EA5-8A34DA367BB2}.Release|Any CPU.Build.0 = Release|Any CPU
		{3F5F6EAE-7072-4659-9EA5-8A34DA367BB2}.Release|x64.ActiveCfg = Release|Any CPU
		{3F5F6EAE-7072-4659-9EA5-8A34DA367BB2}.Release|x64.Build.0 = Release|Any CPU
		{3F5F6EAE-7072-4659-9EA5-8A34DA367BB2}.Release|x86.ActiveCfg = Release|Any CPU
		{3F5F6EAE-7072-4659-9EA5-8A34DA367BB2}.Release|x86.Build.0 = Release|Any CPU
		{28D91FDF-2693-4457-81DE-B52F3D794F3C}.Debug|Any CPU.ActiveCfg = Debug|Any CPU
		{28D91FDF-2693-4457-81DE-B52F3D794F3C}.Debug|Any CPU.Build.0 = Debug|Any CPU
		{28D91FDF-2693-4457-81DE-B52F3D794F3C}.Debug|x64.ActiveCfg = Debug|Any CPU
		{28D91FDF-2693-4457-81DE-B52F3D794F3C}.Debug|x64.Build.0 = Debug|Any CPU
		{28D91FDF-2693-4457-81DE-B52F3D794F3C}.Debug|x86.ActiveCfg = Debug|Any CPU
		{28D91FDF-2693-4457-81DE-B52F3D794F3C}.Debug|x86.Build.0 = Debug|Any CPU
		{28D91FDF-2693-4457-81DE-B52F3D794F3C}.Release|Any CPU.ActiveCfg = Release|Any CPU
		{28D91FDF-2693-4457-81DE-B52F3D794F3C}.Release|Any CPU.Build.0 = Release|Any CPU
		{28D91FDF-2693-4457-81DE-B52F3D794F3C}.Release|x64.ActiveCfg = Release|Any CPU
		{28D91FDF-2693-4457-81DE-B52F3D794F3C}.Release|x64.Build.0 = Release|Any CPU
		{28D91FDF-2693-4457-81DE-B52F3D794F3C}.Release|x86.ActiveCfg = Release|Any CPU
		{28D91FDF-2693-4457-81DE-B52F3D794F3C}.Release|x86.Build.0 = Release|Any CPU
		{FF6888A9-A6C4-40EE-99AB-C641D47CE49B}.Debug|Any CPU.ActiveCfg = Debug|Any CPU
		{FF6888A9-A6C4-40EE-99AB-C641D47CE49B}.Debug|Any CPU.Build.0 = Debug|Any CPU
		{FF6888A9-A6C4-40EE-99AB-C641D47CE49B}.Debug|x64.ActiveCfg = Debug|Any CPU
		{FF6888A9-A6C4-40EE-99AB-C641D47CE49B}.Debug|x64.Build.0 = Debug|Any CPU
		{FF6888A9-A6C4-40EE-99AB-C641D47CE49B}.Debug|x86.ActiveCfg = Debug|Any CPU
		{FF6888A9-A6C4-40EE-99AB-C641D47CE49B}.Debug|x86.Build.0 = Debug|Any CPU
		{FF6888A9-A6C4-40EE-99AB-C641D47CE49B}.Release|Any CPU.ActiveCfg = Release|Any CPU
		{FF6888A9-A6C4-40EE-99AB-C641D47CE49B}.Release|Any CPU.Build.0 = Release|Any CPU
		{FF6888A9-A6C4-40EE-99AB-C641D47CE49B}.Release|x64.ActiveCfg = Release|Any CPU
		{FF6888A9-A6C4-40EE-99AB-C641D47CE49B}.Release|x64.Build.0 = Release|Any CPU
		{FF6888A9-A6C4-40EE-99AB-C641D47CE49B}.Release|x86.ActiveCfg = Release|Any CPU
		{FF6888A9-A6C4-40EE-99AB-C641D47CE49B}.Release|x86.Build.0 = Release|Any CPU
		{AB2C4ECF-6B9D-46A0-BA82-D49E712F5A4A}.Debug|Any CPU.ActiveCfg = Debug|Any CPU
		{AB2C4ECF-6B9D-46A0-BA82-D49E712F5A4A}.Debug|Any CPU.Build.0 = Debug|Any CPU
		{AB2C4ECF-6B9D-46A0-BA82-D49E712F5A4A}.Debug|x64.ActiveCfg = Debug|Any CPU
		{AB2C4ECF-6B9D-46A0-BA82-D49E712F5A4A}.Debug|x64.Build.0 = Debug|Any CPU
		{AB2C4ECF-6B9D-46A0-BA82-D49E712F5A4A}.Debug|x86.ActiveCfg = Debug|Any CPU
		{AB2C4ECF-6B9D-46A0-BA82-D49E712F5A4A}.Debug|x86.Build.0 = Debug|Any CPU
		{AB2C4ECF-6B9D-46A0-BA82-D49E712F5A4A}.Release|Any CPU.ActiveCfg = Release|Any CPU
		{AB2C4ECF-6B9D-46A0-BA82-D49E712F5A4A}.Release|Any CPU.Build.0 = Release|Any CPU
		{AB2C4ECF-6B9D-46A0-BA82-D49E712F5A4A}.Release|x64.ActiveCfg = Release|Any CPU
		{AB2C4ECF-6B9D-46A0-BA82-D49E712F5A4A}.Release|x64.Build.0 = Release|Any CPU
		{AB2C4ECF-6B9D-46A0-BA82-D49E712F5A4A}.Release|x86.ActiveCfg = Release|Any CPU
		{AB2C4ECF-6B9D-46A0-BA82-D49E712F5A4A}.Release|x86.Build.0 = Release|Any CPU
		{624D571C-5F59-4BBC-83D1-B4BD598D935D}.Debug|Any CPU.ActiveCfg = Debug|Any CPU
		{624D571C-5F59-4BBC-83D1-B4BD598D935D}.Debug|Any CPU.Build.0 = Debug|Any CPU
		{624D571C-5F59-4BBC-83D1-B4BD598D935D}.Debug|x64.ActiveCfg = Debug|Any CPU
		{624D571C-5F59-4BBC-83D1-B4BD598D935D}.Debug|x64.Build.0 = Debug|Any CPU
		{624D571C-5F59-4BBC-83D1-B4BD598D935D}.Debug|x86.ActiveCfg = Debug|Any CPU
		{624D571C-5F59-4BBC-83D1-B4BD598D935D}.Debug|x86.Build.0 = Debug|Any CPU
		{624D571C-5F59-4BBC-83D1-B4BD598D935D}.Release|Any CPU.ActiveCfg = Release|Any CPU
		{624D571C-5F59-4BBC-83D1-B4BD598D935D}.Release|Any CPU.Build.0 = Release|Any CPU
		{624D571C-5F59-4BBC-83D1-B4BD598D935D}.Release|x64.ActiveCfg = Release|Any CPU
		{624D571C-5F59-4BBC-83D1-B4BD598D935D}.Release|x64.Build.0 = Release|Any CPU
		{624D571C-5F59-4BBC-83D1-B4BD598D935D}.Release|x86.ActiveCfg = Release|Any CPU
		{624D571C-5F59-4BBC-83D1-B4BD598D935D}.Release|x86.Build.0 = Release|Any CPU
		{EE874D7E-7D47-41B2-B459-FF900E4EBBAF}.Debug|Any CPU.ActiveCfg = Debug|Any CPU
		{EE874D7E-7D47-41B2-B459-FF900E4EBBAF}.Debug|Any CPU.Build.0 = Debug|Any CPU
		{EE874D7E-7D47-41B2-B459-FF900E4EBBAF}.Debug|x64.ActiveCfg = Debug|Any CPU
		{EE874D7E-7D47-41B2-B459-FF900E4EBBAF}.Debug|x64.Build.0 = Debug|Any CPU
		{EE874D7E-7D47-41B2-B459-FF900E4EBBAF}.Debug|x86.ActiveCfg = Debug|Any CPU
		{EE874D7E-7D47-41B2-B459-FF900E4EBBAF}.Debug|x86.Build.0 = Debug|Any CPU
		{EE874D7E-7D47-41B2-B459-FF900E4EBBAF}.Release|Any CPU.ActiveCfg = Release|Any CPU
		{EE874D7E-7D47-41B2-B459-FF900E4EBBAF}.Release|Any CPU.Build.0 = Release|Any CPU
		{EE874D7E-7D47-41B2-B459-FF900E4EBBAF}.Release|x64.ActiveCfg = Release|Any CPU
		{EE874D7E-7D47-41B2-B459-FF900E4EBBAF}.Release|x64.Build.0 = Release|Any CPU
		{EE874D7E-7D47-41B2-B459-FF900E4EBBAF}.Release|x86.ActiveCfg = Release|Any CPU
		{EE874D7E-7D47-41B2-B459-FF900E4EBBAF}.Release|x86.Build.0 = Release|Any CPU
		{133BD48B-5BA6-4274-A49B-92B2A27E850E}.Debug|Any CPU.ActiveCfg = Debug|Any CPU
		{133BD48B-5BA6-4274-A49B-92B2A27E850E}.Debug|Any CPU.Build.0 = Debug|Any CPU
		{133BD48B-5BA6-4274-A49B-92B2A27E850E}.Debug|x64.ActiveCfg = Debug|Any CPU
		{133BD48B-5BA6-4274-A49B-92B2A27E850E}.Debug|x64.Build.0 = Debug|Any CPU
		{133BD48B-5BA6-4274-A49B-92B2A27E850E}.Debug|x86.ActiveCfg = Debug|Any CPU
		{133BD48B-5BA6-4274-A49B-92B2A27E850E}.Debug|x86.Build.0 = Debug|Any CPU
		{133BD48B-5BA6-4274-A49B-92B2A27E850E}.Release|Any CPU.ActiveCfg = Release|Any CPU
		{133BD48B-5BA6-4274-A49B-92B2A27E850E}.Release|Any CPU.Build.0 = Release|Any CPU
		{133BD48B-5BA6-4274-A49B-92B2A27E850E}.Release|x64.ActiveCfg = Release|Any CPU
		{133BD48B-5BA6-4274-A49B-92B2A27E850E}.Release|x64.Build.0 = Release|Any CPU
		{133BD48B-5BA6-4274-A49B-92B2A27E850E}.Release|x86.ActiveCfg = Release|Any CPU
		{133BD48B-5BA6-4274-A49B-92B2A27E850E}.Release|x86.Build.0 = Release|Any CPU
	EndGlobalSection
	GlobalSection(SolutionProperties) = preSolution
		HideSolutionNode = FALSE
	EndGlobalSection
	GlobalSection(NestedProjects) = preSolution
		{3DD62B29-5B5F-4090-AC60-BAECB5486DFE} = {827E0CD3-B72D-47B6-A68D-7590B98EB39B}
		{4BEF5267-0B69-434B-AF24-E56913F8091E} = {0AB3BF05-4346-4AA6-1389-037BE0695223}
		{E134385E-143E-40B8-961F-E4146F49967C} = {66320409-64EC-F7C5-3DEF-65E7510DAAD1}
		{73E5E9AC-F832-4704-8356-03037FABFD4E} = {0AB3BF05-4346-4AA6-1389-037BE0695223}
		{69CE914A-8946-4D5D-9AC7-2EAC9827A7E6} = {827E0CD3-B72D-47B6-A68D-7590B98EB39B}
		{3F5F6EAE-7072-4659-9EA5-8A34DA367BB2} = {0AB3BF05-4346-4AA6-1389-037BE0695223}
		{28D91FDF-2693-4457-81DE-B52F3D794F3C} = {5D20AA90-6969-D8BD-9DCD-8634F4692FDA}
		{FF6888A9-A6C4-40EE-99AB-C641D47CE49B} = {5D20AA90-6969-D8BD-9DCD-8634F4692FDA}
		{AB2C4ECF-6B9D-46A0-BA82-D49E712F5A4A} = {827E0CD3-B72D-47B6-A68D-7590B98EB39B}
		{624D571C-5F59-4BBC-83D1-B4BD598D935D} = {0AB3BF05-4346-4AA6-1389-037BE0695223}
		{EE874D7E-7D47-41B2-B459-FF900E4EBBAF} = {827E0CD3-B72D-47B6-A68D-7590B98EB39B}
		{133BD48B-5BA6-4274-A49B-92B2A27E850E} = {0AB3BF05-4346-4AA6-1389-037BE0695223}
	EndGlobalSection
EndGlobal
